
Microsoft Visual Studio Solution File, Format Version 12.00
# Visual Studio Version 17
VisualStudioVersion = 17.14.36301.6
MinimumVisualStudioVersion = 10.0.40219.1
Project("{FAE04EC0-301F-11D3-BF4B-00C04F79EFBC}") = "Udemy.Learn.D01.NetFrameworkConsole", "Udemy.Learn.D01.NetFrameworkConsole\Udemy.Learn.D01.NetFrameworkConsole.csproj", "{D0A7F775-2B87-4C30-8308-3A1ED2109086}"
EndProject
Project("{FAE04EC0-301F-11D3-BF4B-00C04F79EFBC}") = "Udemy.Learn.D02.CoreFrameworkConsole", "Udemy.Learn.D02.CoreFrameworkConsole\Udemy.Learn.D02.CoreFrameworkConsole.csproj", "{80D3066C-8978-4BDB-842F-FF445E0DF471}"
EndProject
Project("{FAE04EC0-301F-11D3-BF4B-00C04F79EFBC}") = "Udemy.Learn.D03.StringCharDegiskenler", "Udemy.Learn.D03.StringCharDegiskenler\Udemy.Learn.D03.StringCharDegiskenler.csproj", "{BED45025-538B-42F7-BD77-7AC631428025}"
EndProject
Project("{FAE04EC0-301F-11D3-BF4B-00C04F79EFBC}") = "Udemy.Learn.D03.ByteIntDegiskenler", "Udemy.Learn.D03.ByteIntDegiskenler\Udemy.Learn.D03.ByteIntDegiskenler.csproj", "{1D0CF49C-954B-4808-8DD1-1F9480CD6D4C}"
EndProject
Project("{FAE04EC0-301F-11D3-BF4B-00C04F79EFBC}") = "Udemy.Learn.D03.Float.DecimalDoubleDegiskenler", "..\Udemy.Learn.D03.Float.DecimalDoubleDegiskenler\Udemy.Learn.D03.Float.DecimalDoubleDegiskenler.csproj", "{66DB745E-B985-47F3-A44D-149BD2867D1B}"
EndProject
Project("{FAE04EC0-301F-11D3-BF4B-00C04F79EFBC}") = "Udemy.Learn.D03.BooleanDegiskenInceleme", "Udemy.Learn.D03.BooleanDegiskenInceleme\Udemy.Learn.D03.BooleanDegiskenInceleme.csproj", "{97E528FB-061C-4B5B-85C1-67472ACBFC23}"
EndProject
Project("{FAE04EC0-301F-11D3-BF4B-00C04F79EFBC}") = "Udemy.Learn.D03.DateTimeDegiskenInceleme", "Udemy.Learn.D03.DateTimeDegiskenInceleme\Udemy.Learn.D03.DateTimeDegiskenInceleme.csproj", "{4C6E042E-770B-4D48-851D-5C7B34A3D963}"
EndProject
Project("{FAE04EC0-301F-11D3-BF4B-00C04F79EFBC}") = "Udemy.Learm.D03.DegiskenlerinDavranislari", "Udemy.Learm.D03.DegiskenlerinDavranislari\Udemy.Learm.D03.DegiskenlerinDavranislari.csproj", "{442E5335-3D3B-498C-A134-A966D502E492}"
EndProject
Project("{FAE04EC0-301F-11D3-BF4B-00C04F79EFBC}") = "Udemy.Learn.D03.ConvertParse", "Udemy.Learn.D03.ConvertParse\Udemy.Learn.D03.ConvertParse.csproj", "{33AAD48D-C5D3-4AF3-B55E-F421C9C53E5E}"
EndProject
Project("{FAE04EC0-301F-11D3-BF4B-00C04F79EFBC}") = "Udemy.Learn.D03.09ObjectVeriTipi", "Udemy.Learn.D03.09ObjectVeriTipi\Udemy.Learn.D03.09ObjectVeriTipi.csproj", "{E350BEB8-5160-4AA5-BC30-7B597BF39822}"
EndProject
Project("{FAE04EC0-301F-11D3-BF4B-00C04F79EFBC}") = "Udemy.Learn.D04._01AritmetikselIslemler", "Udemy.Learn.D04._01AritmetikselIslemler\Udemy.Learn.D04._01AritmetikselIslemler.csproj", "{9C6A6339-0F25-47FB-957C-F03DEDE2BBC8}"
EndProject
Project("{FAE04EC0-301F-11D3-BF4B-00C04F79EFBC}") = "Udemy.Learn.D04._02.AtamaOperatorleri", "Udemy.Learn.D04._02.AtamaOperatorleri\Udemy.Learn.D04._02.AtamaOperatorleri.csproj", "{873BE4F8-3651-4B61-BD87-55028658ECB1}"
EndProject
Project("{FAE04EC0-301F-11D3-BF4B-00C04F79EFBC}") = "Udemy.Learn.D04.04KarsilastirmaOperatörleriInceleme", "Udemy.Learn.D04.04KarsilastirmaOperatörleriInceleme\Udemy.Learn.D04.04KarsilastirmaOperatörleriInceleme.csproj", "{3D9D693A-DB6D-4972-BE62-B89170C425F9}"
EndProject
Project("{FAE04EC0-301F-11D3-BF4B-00C04F79EFBC}") = "Udemy.Learn.D04.07.MiniUygulama", "Udemy.Learn.D04.07.MiniUygulama\Udemy.Learn.D04.07.MiniUygulama.csproj", "{F19F57EE-214E-4329-BBC5-89580C0C7C19}"
EndProject
Project("{FAE04EC0-301F-11D3-BF4B-00C04F79EFBC}") = "Uemy.Learn.D04.07.MiniUyguama2", "Uemy.Learn.D04.07.MiniUyguama2\Uemy.Learn.D04.07.MiniUyguama2.csproj", "{2306E6BE-4E1F-4C04-8109-8830F472B77F}"
EndProject
Project("{FAE04EC0-301F-11D3-BF4B-00C04F79EFBC}") = "Udemy.Learn.D04.07.MiniUygulama3", "Udemy.Learn.D04.07.MiniUygulama3\Udemy.Learn.D04.07.MiniUygulama3.csproj", "{D0D91372-7C2D-479C-BC6B-F3C2D03E5A68}"
EndProject
Project("{FAE04EC0-301F-11D3-BF4B-00C04F79EFBC}") = "Udemy.Learn.D04.07.MiniUygulama4", "Udemy.Learn.D04.07.MiniUygulama4\Udemy.Learn.D04.07.MiniUygulama4.csproj", "{3478FB6B-AA64-44E2-B52D-7C71D9D02AD4}"
EndProject
Project("{2150E333-8FDC-42A3-9474-1A3956D46DE8}") = "D01_NetFramework", "D01_NetFramework", "{02EA681E-C7D8-13C7-8484-4AC65E1B71E8}"
EndProject
Project("{2150E333-8FDC-42A3-9474-1A3956D46DE8}") = "D02_CoreFramework", "D02_CoreFramework", "{750A20C8-CDB1-4AB3-B02C-6E0BC1A14D56}"
EndProject
Project("{2150E333-8FDC-42A3-9474-1A3956D46DE8}") = "D03_DegiskenlerVeTurDonusumler", "D03_DegiskenlerVeTurDonusumler", "{2E5D506B-FEC6-459E-A528-C397D28BD8AA}"
EndProject
Project("{2150E333-8FDC-42A3-9474-1A3956D46DE8}") = "D04_Operatorler", "D04_Operatorler", "{9378D33E-71B0-417A-B429-E20321ED13CA}"
EndProject
Project("{2150E333-8FDC-42A3-9474-1A3956D46DE8}") = "D05_KosulIfadeleri", "D05_KosulIfadeleri", "{0CBAA432-0DEC-46A4-B369-591B7441D353}"
EndProject
Project("{FAE04EC0-301F-11D3-BF4B-00C04F79EFBC}") = "Udemy.Learn.D05.01IfKullanimi", "Udemy.Learn.D05.01IfKullanimi\Udemy.Learn.D05.01IfKullanimi.csproj", "{0A0894F2-5132-461E-B18B-CD0046E27521}"
EndProject
Project("{FAE04EC0-301F-11D3-BF4B-00C04F79EFBC}") = "Udemy.Learn.D05.02IfOrnekKullanim", "Udemy.Learn.D05.02IfOrnekKullanim\Udemy.Learn.D05.02IfOrnekKullanim.csproj", "{E56EF1AB-1499-4555-AA94-47AADF1687C7}"
EndProject
Project("{FAE04EC0-301F-11D3-BF4B-00C04F79EFBC}") = "Udemy.Learn.D05.03IfOrnekKullanim", "Udemy.Learn.D05.03IfOrnekKullanim\Udemy.Learn.D05.03IfOrnekKullanim.csproj", "{79983961-201A-4CAB-837E-D589A73F3D2D}"
EndProject
Project("{FAE04EC0-301F-11D3-BF4B-00C04F79EFBC}") = "Udemy.Learn.D05.04IfOrnekKullanim", "Udemy.Learn.D05.04IfOrnekKullanim\Udemy.Learn.D05.04IfOrnekKullanim.csproj", "{AB70E0F1-CDD5-4E8A-B68D-1927612E9379}"
EndProject
Project("{FAE04EC0-301F-11D3-BF4B-00C04F79EFBC}") = "Udemy.Learn.D05.05.SwitchCaseKullanimi", "Udemy.Learn.D05.05.SwitchCaseKullanimi\Udemy.Learn.D05.05.SwitchCaseKullanimi.csproj", "{A108C7ED-5A6C-4A07-9E1C-D121387E7459}"
EndProject
Project("{FAE04EC0-301F-11D3-BF4B-00C04F79EFBC}") = "Udemy.Learn.D05.06.SwitchCaseUygulama", "Udemy.Learn.D05.06.SwitchCaseUygulama\Udemy.Learn.D05.06.SwitchCaseUygulama.csproj", "{148AB1CF-7D1F-4616-995B-201A1CC76F25}"
EndProject
Project("{2150E333-8FDC-42A3-9474-1A3956D46DE8}") = "D06_Donguler", "D06_Donguler", "{6B503482-FCFE-41B6-96ED-23E88A31C480}"
EndProject
Project("{FAE04EC0-301F-11D3-BF4B-00C04F79EFBC}") = "Udemy.Learn.D06.01.ForDongusuInceleme", "Udemy.Learn.D06.01.ForDongusuInceleme\Udemy.Learn.D06.01.ForDongusuInceleme.csproj", "{6525C71C-3556-4DBB-A984-1639DE549CDA}"
EndProject
Project("{FAE04EC0-301F-11D3-BF4B-00C04F79EFBC}") = "Udemy.Learn.D06.02.WhileDongusuInceleme", "Udemy.Learn.D06.02.WhileDongusuInceleme\Udemy.Learn.D06.02.WhileDongusuInceleme.csproj", "{D25DA25A-1221-4642-9CC6-9CA6175EB84A}"
EndProject
Project("{FAE04EC0-301F-11D3-BF4B-00C04F79EFBC}") = "Udemy.Learn.D06.03.ForeachDongusuInceleme", "Udemy.Learn.D06.03.ForeachDongusuInceleme\Udemy.Learn.D06.03.ForeachDongusuInceleme.csproj", "{47BFB267-3495-485E-9FAA-FC3638313A93}"
EndProject
Project("{FAE04EC0-301F-11D3-BF4B-00C04F79EFBC}") = "Udemy.Learn.D06.04DoWhileDongusuInceleme", "Udemy.Learn.D06.04DoWhileDongusuInceleme\Udemy.Learn.D06.04DoWhileDongusuInceleme.csproj", "{F4DF2E9D-8E13-4EAC-9F2F-0227D7C74307}"
EndProject
Project("{FAE04EC0-301F-11D3-BF4B-00C04F79EFBC}") = "Udemy.Learn.D06.05.BreakInceleme", "Udemy.Learn.D06.05.BreakInceleme\Udemy.Learn.D06.05.BreakInceleme.csproj", "{20612DCB-050D-4A64-865B-1E865D87F530}"
EndProject
Project("{FAE04EC0-301F-11D3-BF4B-00C04F79EFBC}") = "Udemy.Learn.D06.06.ContinueInceleme", "Udemy.Learn.D06.06.ContinueInceleme\Udemy.Learn.D06.06.ContinueInceleme.csproj", "{BA7DB283-1F2D-4D2A-A2BE-A33EB2ED7E9B}"
EndProject
Project("{FAE04EC0-301F-11D3-BF4B-00C04F79EFBC}") = "Udemy.Learn.D06.07ForOrnekUygulama", "Udemy.Learn.D06.07ForOrnekUygulama\Udemy.Learn.D06.07ForOrnekUygulama.csproj", "{679B8A5F-DA6D-4E9E-B32B-7687AD03A98E}"
EndProject
Project("{2150E333-8FDC-42A3-9474-1A3956D46DE8}") = "D07_Diziler", "D07_Diziler", "{755E355D-F3CC-4FEB-A867-59D31E9E7400}"
EndProject
Project("{FAE04EC0-301F-11D3-BF4B-00C04F79EFBC}") = "Udemy.Learn.D07.01.DizilerBaslangic", "Udemy.Learn.D07.01.DizilerBaslangic\Udemy.Learn.D07.01.DizilerBaslangic.csproj", "{640B7E9E-D4E7-4140-BECF-E61572329089}"
EndProject
Project("{FAE04EC0-301F-11D3-BF4B-00C04F79EFBC}") = "Udemy.Learn.D07.02.-MiniProje-1", "Udemy.Learn.D07.02.-MiniProje-1\Udemy.Learn.D07.02.-MiniProje-1.csproj", "{FE91C6AB-EAF5-419F-AB61-EB93372A9D8E}"
EndProject
Project("{2150E333-8FDC-42A3-9474-1A3956D46DE8}") = "D08_Koleksiyonlar", "D08_Koleksiyonlar", "{1EE049AB-95B1-42EB-8784-75DC909A3FB5}"
EndProject
Project("{FAE04EC0-301F-11D3-BF4B-00C04F79EFBC}") = "netFramework.D08.01.ArrayListGenelKullanım", "netFramework.D07.01.ArrayListGenelKullanım\netFramework.D08.01.ArrayListGenelKullanım.csproj", "{8BEA3C14-25E1-427C-9145-ECF811B29672}"
EndProject
Project("{FAE04EC0-301F-11D3-BF4B-00C04F79EFBC}") = "Udemy.Learn.D08.02.ArrayListOdev", "Udemy.Learn.D08.02.ArrayListOdev\Udemy.Learn.D08.02.ArrayListOdev.csproj", "{DE7ED17A-6BE1-438E-A858-BE07DDBB32DD}"
EndProject
Project("{FAE04EC0-301F-11D3-BF4B-00C04F79EFBC}") = "NetFramework.D08.03.HashTableGenelKullanimi", "NetFramework.D08.03.HashTableGenelKullanimi\NetFramework.D08.03.HashTableGenelKullanimi.csproj", "{DC2B1E24-F2A9-4872-929A-666B65B3E75B}"
EndProject
Project("{FAE04EC0-301F-11D3-BF4B-00C04F79EFBC}") = "NetFramework_D08.04.SortedListGenelKullanim", "NetFramework_D08.04.SortedListGenelKullanim\NetFramework_D08.04.SortedListGenelKullanim.csproj", "{573BB898-EA3A-4FDD-9311-239C2F912384}"
EndProject
Project("{FAE04EC0-301F-11D3-BF4B-00C04F79EFBC}") = "NetFramework_D08.05.StackGenelKullanim", "NetFramework_D08.05.Stack-Yigin\NetFramework_D08.05.StackGenelKullanim.csproj", "{4056BD84-A5BD-4AE3-9CAC-067A21D627A6}"
EndProject
Project("{FAE04EC0-301F-11D3-BF4B-00C04F79EFBC}") = "NetFramework.D08.06.QueueGenelKullanim", "NetFramework.D08.06.QueueGenelKullanim\NetFramework.D08.06.QueueGenelKullanim.csproj", "{5289AA29-E0BC-49C3-AB8B-BE47F88587F6}"
EndProject
Project("{2150E333-8FDC-42A3-9474-1A3956D46DE8}") = "D09_Metotlar", "D09_Metotlar", "{1278CDDF-EA1C-46C4-89F1-734455182AFE}"
EndProject
Project("{FAE04EC0-301F-11D3-BF4B-00C04F79EFBC}") = "NetFramework.D09.01.MetotGenelTanım", "NetFramework.D09.01.MetotGenelTanım\NetFramework.D09.01.MetotGenelTanım.csproj", "{A78D0644-B7B9-427C-87BE-CE41C88FC93A}"
EndProject
Project("{FAE04EC0-301F-11D3-BF4B-00C04F79EFBC}") = "NetFramework.D09.02.ErişimBelirleyicileri-PublicPrivate-", "NetFramework.D09.02.ErişimBelirleyicileri-PublicPrivate-\NetFramework.D09.02.ErişimBelirleyicileri-PublicPrivate-.csproj", "{50CDA50E-03B6-488A-B7CA-4ADF4E1AB598}"
EndProject
Project("{2150E333-8FDC-42A3-9474-1A3956D46DE8}") = "D10_Sınıflar", "D10_Sınıflar", "{DD633C6B-FCB4-4903-83B7-EA33AA56A282}"
EndProject
Project("{FAE04EC0-301F-11D3-BF4B-00C04F79EFBC}") = "NetFramework.D10.01.OOPNedir", "NetFramework.D10.01.OOPNedir\NetFramework.D10.01.OOPNedir.csproj", "{44FD666A-B4E5-4EB9-9C57-6A8420FFDE60}"
EndProject
Project("{2150E333-8FDC-42A3-9474-1A3956D46DE8}") = "D11_Kapsulleme", "D11_Kapsulleme", "{50DD0AE3-D3AD-4A6C-8FA9-D9FD716EDA13}"
EndProject
Project("{FAE04EC0-301F-11D3-BF4B-00C04F79EFBC}") = "NetFramework.D11.01.KapsullemeNedir", "Kapsullemee\NetFramework.D11.01.KapsullemeNedir.csproj", "{D8420FC5-6FA8-402B-8904-EF78AE0CDCE0}"
EndProject
Project("{2150E333-8FDC-42A3-9474-1A3956D46DE8}") = "D12_Static", "D12_Static", "{64685CFB-7D7C-4E3A-8075-E2514B76BA42}"
EndProject
Project("{FAE04EC0-301F-11D3-BF4B-00C04F79EFBC}") = "NetFrameWork.D12.01.StaticNedir", "NetFrameWork.D12.01.StaticNedir\NetFrameWork.D12.01.StaticNedir.csproj", "{DF36E8D9-6C69-4278-955E-78CC817C0C36}"
EndProject
Project("{FAE04EC0-301F-11D3-BF4B-00C04F79EFBC}") = "NetFramework.D12.02.PersonelUygulaması", "NetFramework.D12.02.PersonelUygulaması\NetFramework.D12.02.PersonelUygulaması.csproj", "{727891DA-C069-4CE1-A9C3-06D22B51B5F6}"
EndProject
Project("{FAE04EC0-301F-11D3-BF4B-00C04F79EFBC}") = "NetFramework.D13.01.InnerTypeModelleme", "NetFramework.D13.01.InnerTypeModelleme\NetFramework.D13.01.InnerTypeModelleme.csproj", "{D4A760F1-E125-4B5F-B718-6DDACA4334CF}"
EndProject
Project("{2150E333-8FDC-42A3-9474-1A3956D46DE8}") = "D13_InnerType (Sikintili)", "D13_InnerType (Sikintili)", "{97ACBE1F-6972-406C-8875-88BB3E2ED7DE}"
EndProject
Project("{2150E333-8FDC-42A3-9474-1A3956D46DE8}") = "D14_Kalıtım", "D14_Kalıtım", "{12A5A7A1-1304-4A6C-89F7-761A3B3E5371}"
EndProject
Project("{FAE04EC0-301F-11D3-BF4B-00C04F79EFBC}") = "NetFramework.D14.01.KalitimNedir", "NetFramework.D14.01.KalitimNedir\NetFramework.D14.01.KalitimNedir.csproj", "{DCFB27E8-E6BB-4896-809B-90E4C35C3E53}"
EndProject
Project("{2150E333-8FDC-42A3-9474-1A3956D46DE8}") = "D15_Polimorfizm", "D15_Polimorfizm", "{D6569667-0B90-4519-B819-460D00B6014F}"
EndProject
Project("{2150E333-8FDC-42A3-9474-1A3956D46DE8}") = "Diziler", "Diziler", "{CBBEA955-F7DD-425C-B96C-D6C85FCCC52F}"
EndProject
Project("{FAE04EC0-301F-11D3-BF4B-00C04F79EFBC}") = "Diziler", "Diziler\Diziler.csproj", "{98B90D6F-EF97-4378-A9E3-B34BB79A06DB}"
EndProject
Project("{2150E333-8FDC-42A3-9474-1A3956D46DE8}") = "Metotlar", "Metotlar", "{4DACCCB8-7643-48EC-BD8A-43914A2C8179}"
EndProject
Project("{FAE04EC0-301F-11D3-BF4B-00C04F79EFBC}") = "Metotlar", "Metotlar\Metotlar.csproj", "{AB564C8C-88EC-4547-ABFD-2AD01B941762}"
EndProject
Project("{2150E333-8FDC-42A3-9474-1A3956D46DE8}") = "Kalıtım", "Kalıtım", "{3AB155CF-19C8-46E0-A9CD-609E5BA3774F}"
EndProject
Project("{FAE04EC0-301F-11D3-BF4B-00C04F79EFBC}") = "Kalitim", "Kalitim\Kalitim.csproj", "{B23F1F88-271F-49BF-AE03-DB5B15FB1A98}"
EndProject
Project("{2150E333-8FDC-42A3-9474-1A3956D46DE8}") = "SoruPratik", "SoruPratik", "{2C5B409D-4787-4C2C-9C05-98E89293C51F}"
EndProject
Project("{FAE04EC0-301F-11D3-BF4B-00C04F79EFBC}") = "OtomobilYonetimSistemi", "OtomobilYonetimSistemi\OtomobilYonetimSistemi.csproj", "{377D633A-4303-427E-B3C2-6E803FAEDF61}"
EndProject
Project("{FAE04EC0-301F-11D3-BF4B-00C04F79EFBC}") = "KargoTakip,", "KargoTakip,\KargoTakip,.csproj", "{2ABC1940-F156-434F-A726-D7C4E40383F3}"
EndProject
Project("{FAE04EC0-301F-11D3-BF4B-00C04F79EFBC}") = "sorudeneme", "sorudeneme\sorudeneme.csproj", "{6B796801-4247-4345-8E7F-DBA096F3BF5C}"
EndProject
Project("{2150E333-8FDC-42A3-9474-1A3956D46DE8}") = "VizeCalısma", "VizeCalısma", "{EA8167D2-7182-4743-B484-535031A2BEE0}"
EndProject
Project("{FAE04EC0-301F-11D3-BF4B-00C04F79EFBC}") = "VizeHazirlik", "VizeHazirlik\VizeHazirlik.csproj", "{A1BF0954-296A-48B1-9191-31C61FAF5453}"
EndProject
Project("{FAE04EC0-301F-11D3-BF4B-00C04F79EFBC}") = "MemeliHayvanSiniflari", "MemeliHayvanSiniflari\MemeliHayvanSiniflari.csproj", "{E0E0A21C-DD1D-4E77-AEF0-BF3739E2D8EF}"
EndProject
Project("{2150E333-8FDC-42A3-9474-1A3956D46DE8}") = "NewFolder1", "NewFolder1", "{CAA0B8EC-B98F-4E7C-B2B7-7705836956E1}"
EndProject
Project("{2150E333-8FDC-42A3-9474-1A3956D46DE8}") = "Pratik", "Pratik", "{0E958B9E-F300-4F1F-8662-7106A69AA987}"
EndProject
Project("{FAE04EC0-301F-11D3-BF4B-00C04F79EFBC}") = "MemeliHayvan", "MemeliHayvan\MemeliHayvan.csproj", "{0B679857-3550-42A1-BD23-E4D1CC5C0E94}"
EndProject
Project("{FAE04EC0-301F-11D3-BF4B-00C04F79EFBC}") = "KapsullemePratik", "KapsullemePratik\KapsullemePratik.csproj", "{5731EFD6-2EC6-4DC1-BCE7-5F0D0C5EB145}"
EndProject
Project("{FAE04EC0-301F-11D3-BF4B-00C04F79EFBC}") = "NetFramework.D15.01.SanalMetotNedir", "NetFramework.D15.01.SanalMetotNedir\NetFramework.D15.01.SanalMetotNedir.csproj", "{119751CE-5AE8-4A98-9D80-874420D88F7D}"
EndProject
Project("{2150E333-8FDC-42A3-9474-1A3956D46DE8}") = "D16_Abstract&Interface", "D16_Abstract&Interface", "{D742B351-93FC-4837-A748-A2133B641B25}"
EndProject
Project("{FAE04EC0-301F-11D3-BF4B-00C04F79EFBC}") = "NetFramework.D16.01.AbstractNedir", "NetFramework.D16.01.AbstractNedir\NetFramework.D16.01.AbstractNedir.csproj", "{8C91455A-BB27-435D-B5A8-725E2671C967}"
EndProject
Global
	GlobalSection(SolutionConfigurationPlatforms) = preSolution
		Debug|Any CPU = Debug|Any CPU
		Release|Any CPU = Release|Any CPU
	EndGlobalSection
	GlobalSection(ProjectConfigurationPlatforms) = postSolution
		{D0A7F775-2B87-4C30-8308-3A1ED2109086}.Debug|Any CPU.ActiveCfg = Debug|Any CPU
		{D0A7F775-2B87-4C30-8308-3A1ED2109086}.Debug|Any CPU.Build.0 = Debug|Any CPU
		{D0A7F775-2B87-4C30-8308-3A1ED2109086}.Release|Any CPU.ActiveCfg = Release|Any CPU
		{D0A7F775-2B87-4C30-8308-3A1ED2109086}.Release|Any CPU.Build.0 = Release|Any CPU
		{80D3066C-8978-4BDB-842F-FF445E0DF471}.Debug|Any CPU.ActiveCfg = Debug|Any CPU
		{80D3066C-8978-4BDB-842F-FF445E0DF471}.Debug|Any CPU.Build.0 = Debug|Any CPU
		{80D3066C-8978-4BDB-842F-FF445E0DF471}.Release|Any CPU.ActiveCfg = Release|Any CPU
		{80D3066C-8978-4BDB-842F-FF445E0DF471}.Release|Any CPU.Build.0 = Release|Any CPU
		{BED45025-538B-42F7-BD77-7AC631428025}.Debug|Any CPU.ActiveCfg = Debug|Any CPU
		{BED45025-538B-42F7-BD77-7AC631428025}.Debug|Any CPU.Build.0 = Debug|Any CPU
		{BED45025-538B-42F7-BD77-7AC631428025}.Release|Any CPU.ActiveCfg = Release|Any CPU
		{BED45025-538B-42F7-BD77-7AC631428025}.Release|Any CPU.Build.0 = Release|Any CPU
		{1D0CF49C-954B-4808-8DD1-1F9480CD6D4C}.Debug|Any CPU.ActiveCfg = Debug|Any CPU
		{1D0CF49C-954B-4808-8DD1-1F9480CD6D4C}.Debug|Any CPU.Build.0 = Debug|Any CPU
		{1D0CF49C-954B-4808-8DD1-1F9480CD6D4C}.Release|Any CPU.ActiveCfg = Release|Any CPU
		{1D0CF49C-954B-4808-8DD1-1F9480CD6D4C}.Release|Any CPU.Build.0 = Release|Any CPU
		{66DB745E-B985-47F3-A44D-149BD2867D1B}.Debug|Any CPU.ActiveCfg = Debug|Any CPU
		{66DB745E-B985-47F3-A44D-149BD2867D1B}.Debug|Any CPU.Build.0 = Debug|Any CPU
		{66DB745E-B985-47F3-A44D-149BD2867D1B}.Release|Any CPU.ActiveCfg = Release|Any CPU
		{66DB745E-B985-47F3-A44D-149BD2867D1B}.Release|Any CPU.Build.0 = Release|Any CPU
		{97E528FB-061C-4B5B-85C1-67472ACBFC23}.Debug|Any CPU.ActiveCfg = Debug|Any CPU
		{97E528FB-061C-4B5B-85C1-67472ACBFC23}.Debug|Any CPU.Build.0 = Debug|Any CPU
		{97E528FB-061C-4B5B-85C1-67472ACBFC23}.Release|Any CPU.ActiveCfg = Release|Any CPU
		{97E528FB-061C-4B5B-85C1-67472ACBFC23}.Release|Any CPU.Build.0 = Release|Any CPU
		{4C6E042E-770B-4D48-851D-5C7B34A3D963}.Debug|Any CPU.ActiveCfg = Debug|Any CPU
		{4C6E042E-770B-4D48-851D-5C7B34A3D963}.Debug|Any CPU.Build.0 = Debug|Any CPU
		{4C6E042E-770B-4D48-851D-5C7B34A3D963}.Release|Any CPU.ActiveCfg = Release|Any CPU
		{4C6E042E-770B-4D48-851D-5C7B34A3D963}.Release|Any CPU.Build.0 = Release|Any CPU
		{442E5335-3D3B-498C-A134-A966D502E492}.Debug|Any CPU.ActiveCfg = Debug|Any CPU
		{442E5335-3D3B-498C-A134-A966D502E492}.Debug|Any CPU.Build.0 = Debug|Any CPU
		{442E5335-3D3B-498C-A134-A966D502E492}.Release|Any CPU.ActiveCfg = Release|Any CPU
		{442E5335-3D3B-498C-A134-A966D502E492}.Release|Any CPU.Build.0 = Release|Any CPU
		{33AAD48D-C5D3-4AF3-B55E-F421C9C53E5E}.Debug|Any CPU.ActiveCfg = Debug|Any CPU
		{33AAD48D-C5D3-4AF3-B55E-F421C9C53E5E}.Debug|Any CPU.Build.0 = Debug|Any CPU
		{33AAD48D-C5D3-4AF3-B55E-F421C9C53E5E}.Release|Any CPU.ActiveCfg = Release|Any CPU
		{33AAD48D-C5D3-4AF3-B55E-F421C9C53E5E}.Release|Any CPU.Build.0 = Release|Any CPU
		{E350BEB8-5160-4AA5-BC30-7B597BF39822}.Debug|Any CPU.ActiveCfg = Debug|Any CPU
		{E350BEB8-5160-4AA5-BC30-7B597BF39822}.Debug|Any CPU.Build.0 = Debug|Any CPU
		{E350BEB8-5160-4AA5-BC30-7B597BF39822}.Release|Any CPU.ActiveCfg = Release|Any CPU
		{E350BEB8-5160-4AA5-BC30-7B597BF39822}.Release|Any CPU.Build.0 = Release|Any CPU
		{9C6A6339-0F25-47FB-957C-F03DEDE2BBC8}.Debug|Any CPU.ActiveCfg = Debug|Any CPU
		{9C6A6339-0F25-47FB-957C-F03DEDE2BBC8}.Debug|Any CPU.Build.0 = Debug|Any CPU
		{9C6A6339-0F25-47FB-957C-F03DEDE2BBC8}.Release|Any CPU.ActiveCfg = Release|Any CPU
		{9C6A6339-0F25-47FB-957C-F03DEDE2BBC8}.Release|Any CPU.Build.0 = Release|Any CPU
		{873BE4F8-3651-4B61-BD87-55028658ECB1}.Debug|Any CPU.ActiveCfg = Debug|Any CPU
		{873BE4F8-3651-4B61-BD87-55028658ECB1}.Debug|Any CPU.Build.0 = Debug|Any CPU
		{873BE4F8-3651-4B61-BD87-55028658ECB1}.Release|Any CPU.ActiveCfg = Release|Any CPU
		{873BE4F8-3651-4B61-BD87-55028658ECB1}.Release|Any CPU.Build.0 = Release|Any CPU
		{3D9D693A-DB6D-4972-BE62-B89170C425F9}.Debug|Any CPU.ActiveCfg = Debug|Any CPU
		{3D9D693A-DB6D-4972-BE62-B89170C425F9}.Debug|Any CPU.Build.0 = Debug|Any CPU
		{3D9D693A-DB6D-4972-BE62-B89170C425F9}.Release|Any CPU.ActiveCfg = Release|Any CPU
		{3D9D693A-DB6D-4972-BE62-B89170C425F9}.Release|Any CPU.Build.0 = Release|Any CPU
		{F19F57EE-214E-4329-BBC5-89580C0C7C19}.Debug|Any CPU.ActiveCfg = Debug|Any CPU
		{F19F57EE-214E-4329-BBC5-89580C0C7C19}.Debug|Any CPU.Build.0 = Debug|Any CPU
		{F19F57EE-214E-4329-BBC5-89580C0C7C19}.Release|Any CPU.ActiveCfg = Release|Any CPU
		{F19F57EE-214E-4329-BBC5-89580C0C7C19}.Release|Any CPU.Build.0 = Release|Any CPU
		{2306E6BE-4E1F-4C04-8109-8830F472B77F}.Debug|Any CPU.ActiveCfg = Debug|Any CPU
		{2306E6BE-4E1F-4C04-8109-8830F472B77F}.Debug|Any CPU.Build.0 = Debug|Any CPU
		{2306E6BE-4E1F-4C04-8109-8830F472B77F}.Release|Any CPU.ActiveCfg = Release|Any CPU
		{2306E6BE-4E1F-4C04-8109-8830F472B77F}.Release|Any CPU.Build.0 = Release|Any CPU
		{D0D91372-7C2D-479C-BC6B-F3C2D03E5A68}.Debug|Any CPU.ActiveCfg = Debug|Any CPU
		{D0D91372-7C2D-479C-BC6B-F3C2D03E5A68}.Debug|Any CPU.Build.0 = Debug|Any CPU
		{D0D91372-7C2D-479C-BC6B-F3C2D03E5A68}.Release|Any CPU.ActiveCfg = Release|Any CPU
		{D0D91372-7C2D-479C-BC6B-F3C2D03E5A68}.Release|Any CPU.Build.0 = Release|Any CPU
		{3478FB6B-AA64-44E2-B52D-7C71D9D02AD4}.Debug|Any CPU.ActiveCfg = Debug|Any CPU
		{3478FB6B-AA64-44E2-B52D-7C71D9D02AD4}.Debug|Any CPU.Build.0 = Debug|Any CPU
		{3478FB6B-AA64-44E2-B52D-7C71D9D02AD4}.Release|Any CPU.ActiveCfg = Release|Any CPU
		{3478FB6B-AA64-44E2-B52D-7C71D9D02AD4}.Release|Any CPU.Build.0 = Release|Any CPU
		{0A0894F2-5132-461E-B18B-CD0046E27521}.Debug|Any CPU.ActiveCfg = Debug|Any CPU
		{0A0894F2-5132-461E-B18B-CD0046E27521}.Debug|Any CPU.Build.0 = Debug|Any CPU
		{0A0894F2-5132-461E-B18B-CD0046E27521}.Release|Any CPU.ActiveCfg = Release|Any CPU
		{0A0894F2-5132-461E-B18B-CD0046E27521}.Release|Any CPU.Build.0 = Release|Any CPU
		{E56EF1AB-1499-4555-AA94-47AADF1687C7}.Debug|Any CPU.ActiveCfg = Debug|Any CPU
		{E56EF1AB-1499-4555-AA94-47AADF1687C7}.Debug|Any CPU.Build.0 = Debug|Any CPU
		{E56EF1AB-1499-4555-AA94-47AADF1687C7}.Release|Any CPU.ActiveCfg = Release|Any CPU
		{E56EF1AB-1499-4555-AA94-47AADF1687C7}.Release|Any CPU.Build.0 = Release|Any CPU
		{79983961-201A-4CAB-837E-D589A73F3D2D}.Debug|Any CPU.ActiveCfg = Debug|Any CPU
		{79983961-201A-4CAB-837E-D589A73F3D2D}.Debug|Any CPU.Build.0 = Debug|Any CPU
		{79983961-201A-4CAB-837E-D589A73F3D2D}.Release|Any CPU.ActiveCfg = Release|Any CPU
		{79983961-201A-4CAB-837E-D589A73F3D2D}.Release|Any CPU.Build.0 = Release|Any CPU
		{AB70E0F1-CDD5-4E8A-B68D-1927612E9379}.Debug|Any CPU.ActiveCfg = Debug|Any CPU
		{AB70E0F1-CDD5-4E8A-B68D-1927612E9379}.Debug|Any CPU.Build.0 = Debug|Any CPU
		{AB70E0F1-CDD5-4E8A-B68D-1927612E9379}.Release|Any CPU.ActiveCfg = Release|Any CPU
		{AB70E0F1-CDD5-4E8A-B68D-1927612E9379}.Release|Any CPU.Build.0 = Release|Any CPU
		{A108C7ED-5A6C-4A07-9E1C-D121387E7459}.Debug|Any CPU.ActiveCfg = Debug|Any CPU
		{A108C7ED-5A6C-4A07-9E1C-D121387E7459}.Debug|Any CPU.Build.0 = Debug|Any CPU
		{A108C7ED-5A6C-4A07-9E1C-D121387E7459}.Release|Any CPU.ActiveCfg = Release|Any CPU
		{A108C7ED-5A6C-4A07-9E1C-D121387E7459}.Release|Any CPU.Build.0 = Release|Any CPU
		{148AB1CF-7D1F-4616-995B-201A1CC76F25}.Debug|Any CPU.ActiveCfg = Debug|Any CPU
		{148AB1CF-7D1F-4616-995B-201A1CC76F25}.Debug|Any CPU.Build.0 = Debug|Any CPU
		{148AB1CF-7D1F-4616-995B-201A1CC76F25}.Release|Any CPU.ActiveCfg = Release|Any CPU
		{148AB1CF-7D1F-4616-995B-201A1CC76F25}.Release|Any CPU.Build.0 = Release|Any CPU
		{6525C71C-3556-4DBB-A984-1639DE549CDA}.Debug|Any CPU.ActiveCfg = Debug|Any CPU
		{6525C71C-3556-4DBB-A984-1639DE549CDA}.Debug|Any CPU.Build.0 = Debug|Any CPU
		{6525C71C-3556-4DBB-A984-1639DE549CDA}.Release|Any CPU.ActiveCfg = Release|Any CPU
		{6525C71C-3556-4DBB-A984-1639DE549CDA}.Release|Any CPU.Build.0 = Release|Any CPU
		{D25DA25A-1221-4642-9CC6-9CA6175EB84A}.Debug|Any CPU.ActiveCfg = Debug|Any CPU
		{D25DA25A-1221-4642-9CC6-9CA6175EB84A}.Debug|Any CPU.Build.0 = Debug|Any CPU
		{D25DA25A-1221-4642-9CC6-9CA6175EB84A}.Release|Any CPU.ActiveCfg = Release|Any CPU
		{D25DA25A-1221-4642-9CC6-9CA6175EB84A}.Release|Any CPU.Build.0 = Release|Any CPU
		{47BFB267-3495-485E-9FAA-FC3638313A93}.Debug|Any CPU.ActiveCfg = Debug|Any CPU
		{47BFB267-3495-485E-9FAA-FC3638313A93}.Debug|Any CPU.Build.0 = Debug|Any CPU
		{47BFB267-3495-485E-9FAA-FC3638313A93}.Release|Any CPU.ActiveCfg = Release|Any CPU
		{47BFB267-3495-485E-9FAA-FC3638313A93}.Release|Any CPU.Build.0 = Release|Any CPU
		{F4DF2E9D-8E13-4EAC-9F2F-0227D7C74307}.Debug|Any CPU.ActiveCfg = Debug|Any CPU
		{F4DF2E9D-8E13-4EAC-9F2F-0227D7C74307}.Debug|Any CPU.Build.0 = Debug|Any CPU
		{F4DF2E9D-8E13-4EAC-9F2F-0227D7C74307}.Release|Any CPU.ActiveCfg = Release|Any CPU
		{F4DF2E9D-8E13-4EAC-9F2F-0227D7C74307}.Release|Any CPU.Build.0 = Release|Any CPU
		{20612DCB-050D-4A64-865B-1E865D87F530}.Debug|Any CPU.ActiveCfg = Debug|Any CPU
		{20612DCB-050D-4A64-865B-1E865D87F530}.Debug|Any CPU.Build.0 = Debug|Any CPU
		{20612DCB-050D-4A64-865B-1E865D87F530}.Release|Any CPU.ActiveCfg = Release|Any CPU
		{20612DCB-050D-4A64-865B-1E865D87F530}.Release|Any CPU.Build.0 = Release|Any CPU
		{BA7DB283-1F2D-4D2A-A2BE-A33EB2ED7E9B}.Debug|Any CPU.ActiveCfg = Debug|Any CPU
		{BA7DB283-1F2D-4D2A-A2BE-A33EB2ED7E9B}.Debug|Any CPU.Build.0 = Debug|Any CPU
		{BA7DB283-1F2D-4D2A-A2BE-A33EB2ED7E9B}.Release|Any CPU.ActiveCfg = Release|Any CPU
		{BA7DB283-1F2D-4D2A-A2BE-A33EB2ED7E9B}.Release|Any CPU.Build.0 = Release|Any CPU
		{679B8A5F-DA6D-4E9E-B32B-7687AD03A98E}.Debug|Any CPU.ActiveCfg = Debug|Any CPU
		{679B8A5F-DA6D-4E9E-B32B-7687AD03A98E}.Debug|Any CPU.Build.0 = Debug|Any CPU
		{679B8A5F-DA6D-4E9E-B32B-7687AD03A98E}.Release|Any CPU.ActiveCfg = Release|Any CPU
		{679B8A5F-DA6D-4E9E-B32B-7687AD03A98E}.Release|Any CPU.Build.0 = Release|Any CPU
		{640B7E9E-D4E7-4140-BECF-E61572329089}.Debug|Any CPU.ActiveCfg = Debug|Any CPU
		{640B7E9E-D4E7-4140-BECF-E61572329089}.Debug|Any CPU.Build.0 = Debug|Any CPU
		{640B7E9E-D4E7-4140-BECF-E61572329089}.Release|Any CPU.ActiveCfg = Release|Any CPU
		{640B7E9E-D4E7-4140-BECF-E61572329089}.Release|Any CPU.Build.0 = Release|Any CPU
		{FE91C6AB-EAF5-419F-AB61-EB93372A9D8E}.Debug|Any CPU.ActiveCfg = Debug|Any CPU
		{FE91C6AB-EAF5-419F-AB61-EB93372A9D8E}.Debug|Any CPU.Build.0 = Debug|Any CPU
		{FE91C6AB-EAF5-419F-AB61-EB93372A9D8E}.Release|Any CPU.ActiveCfg = Release|Any CPU
		{FE91C6AB-EAF5-419F-AB61-EB93372A9D8E}.Release|Any CPU.Build.0 = Release|Any CPU
		{8BEA3C14-25E1-427C-9145-ECF811B29672}.Debug|Any CPU.ActiveCfg = Debug|Any CPU
		{8BEA3C14-25E1-427C-9145-ECF811B29672}.Debug|Any CPU.Build.0 = Debug|Any CPU
		{8BEA3C14-25E1-427C-9145-ECF811B29672}.Release|Any CPU.ActiveCfg = Release|Any CPU
		{8BEA3C14-25E1-427C-9145-ECF811B29672}.Release|Any CPU.Build.0 = Release|Any CPU
		{DE7ED17A-6BE1-438E-A858-BE07DDBB32DD}.Debug|Any CPU.ActiveCfg = Debug|Any CPU
		{DE7ED17A-6BE1-438E-A858-BE07DDBB32DD}.Debug|Any CPU.Build.0 = Debug|Any CPU
		{DE7ED17A-6BE1-438E-A858-BE07DDBB32DD}.Release|Any CPU.ActiveCfg = Release|Any CPU
		{DE7ED17A-6BE1-438E-A858-BE07DDBB32DD}.Release|Any CPU.Build.0 = Release|Any CPU
		{DC2B1E24-F2A9-4872-929A-666B65B3E75B}.Debug|Any CPU.ActiveCfg = Debug|Any CPU
		{DC2B1E24-F2A9-4872-929A-666B65B3E75B}.Debug|Any CPU.Build.0 = Debug|Any CPU
		{DC2B1E24-F2A9-4872-929A-666B65B3E75B}.Release|Any CPU.ActiveCfg = Release|Any CPU
		{DC2B1E24-F2A9-4872-929A-666B65B3E75B}.Release|Any CPU.Build.0 = Release|Any CPU
		{573BB898-EA3A-4FDD-9311-239C2F912384}.Debug|Any CPU.ActiveCfg = Debug|Any CPU
		{573BB898-EA3A-4FDD-9311-239C2F912384}.Debug|Any CPU.Build.0 = Debug|Any CPU
		{573BB898-EA3A-4FDD-9311-239C2F912384}.Release|Any CPU.ActiveCfg = Release|Any CPU
		{573BB898-EA3A-4FDD-9311-239C2F912384}.Release|Any CPU.Build.0 = Release|Any CPU
		{4056BD84-A5BD-4AE3-9CAC-067A21D627A6}.Debug|Any CPU.ActiveCfg = Debug|Any CPU
		{4056BD84-A5BD-4AE3-9CAC-067A21D627A6}.Debug|Any CPU.Build.0 = Debug|Any CPU
		{4056BD84-A5BD-4AE3-9CAC-067A21D627A6}.Release|Any CPU.ActiveCfg = Release|Any CPU
		{4056BD84-A5BD-4AE3-9CAC-067A21D627A6}.Release|Any CPU.Build.0 = Release|Any CPU
		{5289AA29-E0BC-49C3-AB8B-BE47F88587F6}.Debug|Any CPU.ActiveCfg = Debug|Any CPU
		{5289AA29-E0BC-49C3-AB8B-BE47F88587F6}.Debug|Any CPU.Build.0 = Debug|Any CPU
		{5289AA29-E0BC-49C3-AB8B-BE47F88587F6}.Release|Any CPU.ActiveCfg = Release|Any CPU
		{5289AA29-E0BC-49C3-AB8B-BE47F88587F6}.Release|Any CPU.Build.0 = Release|Any CPU
		{A78D0644-B7B9-427C-87BE-CE41C88FC93A}.Debug|Any CPU.ActiveCfg = Debug|Any CPU
		{A78D0644-B7B9-427C-87BE-CE41C88FC93A}.Debug|Any CPU.Build.0 = Debug|Any CPU
		{A78D0644-B7B9-427C-87BE-CE41C88FC93A}.Release|Any CPU.ActiveCfg = Release|Any CPU
		{A78D0644-B7B9-427C-87BE-CE41C88FC93A}.Release|Any CPU.Build.0 = Release|Any CPU
		{50CDA50E-03B6-488A-B7CA-4ADF4E1AB598}.Debug|Any CPU.ActiveCfg = Debug|Any CPU
		{50CDA50E-03B6-488A-B7CA-4ADF4E1AB598}.Debug|Any CPU.Build.0 = Debug|Any CPU
		{50CDA50E-03B6-488A-B7CA-4ADF4E1AB598}.Release|Any CPU.ActiveCfg = Release|Any CPU
		{50CDA50E-03B6-488A-B7CA-4ADF4E1AB598}.Release|Any CPU.Build.0 = Release|Any CPU
		{44FD666A-B4E5-4EB9-9C57-6A8420FFDE60}.Debug|Any CPU.ActiveCfg = Debug|Any CPU
		{44FD666A-B4E5-4EB9-9C57-6A8420FFDE60}.Debug|Any CPU.Build.0 = Debug|Any CPU
		{44FD666A-B4E5-4EB9-9C57-6A8420FFDE60}.Release|Any CPU.ActiveCfg = Release|Any CPU
		{44FD666A-B4E5-4EB9-9C57-6A8420FFDE60}.Release|Any CPU.Build.0 = Release|Any CPU
		{D8420FC5-6FA8-402B-8904-EF78AE0CDCE0}.Debug|Any CPU.ActiveCfg = Debug|Any CPU
		{D8420FC5-6FA8-402B-8904-EF78AE0CDCE0}.Debug|Any CPU.Build.0 = Debug|Any CPU
		{D8420FC5-6FA8-402B-8904-EF78AE0CDCE0}.Release|Any CPU.ActiveCfg = Release|Any CPU
		{D8420FC5-6FA8-402B-8904-EF78AE0CDCE0}.Release|Any CPU.Build.0 = Release|Any CPU
		{DF36E8D9-6C69-4278-955E-78CC817C0C36}.Debug|Any CPU.ActiveCfg = Debug|Any CPU
		{DF36E8D9-6C69-4278-955E-78CC817C0C36}.Debug|Any CPU.Build.0 = Debug|Any CPU
		{DF36E8D9-6C69-4278-955E-78CC817C0C36}.Release|Any CPU.ActiveCfg = Release|Any CPU
		{DF36E8D9-6C69-4278-955E-78CC817C0C36}.Release|Any CPU.Build.0 = Release|Any CPU
		{727891DA-C069-4CE1-A9C3-06D22B51B5F6}.Debug|Any CPU.ActiveCfg = Debug|Any CPU
		{727891DA-C069-4CE1-A9C3-06D22B51B5F6}.Debug|Any CPU.Build.0 = Debug|Any CPU
		{727891DA-C069-4CE1-A9C3-06D22B51B5F6}.Release|Any CPU.ActiveCfg = Release|Any CPU
		{727891DA-C069-4CE1-A9C3-06D22B51B5F6}.Release|Any CPU.Build.0 = Release|Any CPU
		{D4A760F1-E125-4B5F-B718-6DDACA4334CF}.Debug|Any CPU.ActiveCfg = Debug|Any CPU
		{D4A760F1-E125-4B5F-B718-6DDACA4334CF}.Debug|Any CPU.Build.0 = Debug|Any CPU
		{D4A760F1-E125-4B5F-B718-6DDACA4334CF}.Release|Any CPU.ActiveCfg = Release|Any CPU
		{D4A760F1-E125-4B5F-B718-6DDACA4334CF}.Release|Any CPU.Build.0 = Release|Any CPU
		{DCFB27E8-E6BB-4896-809B-90E4C35C3E53}.Debug|Any CPU.ActiveCfg = Debug|Any CPU
		{DCFB27E8-E6BB-4896-809B-90E4C35C3E53}.Debug|Any CPU.Build.0 = Debug|Any CPU
		{DCFB27E8-E6BB-4896-809B-90E4C35C3E53}.Release|Any CPU.ActiveCfg = Release|Any CPU
		{DCFB27E8-E6BB-4896-809B-90E4C35C3E53}.Release|Any CPU.Build.0 = Release|Any CPU
		{98B90D6F-EF97-4378-A9E3-B34BB79A06DB}.Debug|Any CPU.ActiveCfg = Debug|Any CPU
		{98B90D6F-EF97-4378-A9E3-B34BB79A06DB}.Debug|Any CPU.Build.0 = Debug|Any CPU
		{98B90D6F-EF97-4378-A9E3-B34BB79A06DB}.Release|Any CPU.ActiveCfg = Release|Any CPU
		{98B90D6F-EF97-4378-A9E3-B34BB79A06DB}.Release|Any CPU.Build.0 = Release|Any CPU
		{AB564C8C-88EC-4547-ABFD-2AD01B941762}.Debug|Any CPU.ActiveCfg = Debug|Any CPU
		{AB564C8C-88EC-4547-ABFD-2AD01B941762}.Debug|Any CPU.Build.0 = Debug|Any CPU
		{AB564C8C-88EC-4547-ABFD-2AD01B941762}.Release|Any CPU.ActiveCfg = Release|Any CPU
		{AB564C8C-88EC-4547-ABFD-2AD01B941762}.Release|Any CPU.Build.0 = Release|Any CPU
		{B23F1F88-271F-49BF-AE03-DB5B15FB1A98}.Debug|Any CPU.ActiveCfg = Debug|Any CPU
		{B23F1F88-271F-49BF-AE03-DB5B15FB1A98}.Debug|Any CPU.Build.0 = Debug|Any CPU
		{B23F1F88-271F-49BF-AE03-DB5B15FB1A98}.Release|Any CPU.ActiveCfg = Release|Any CPU
		{B23F1F88-271F-49BF-AE03-DB5B15FB1A98}.Release|Any CPU.Build.0 = Release|Any CPU
		{377D633A-4303-427E-B3C2-6E803FAEDF61}.Debug|Any CPU.ActiveCfg = Debug|Any CPU
		{377D633A-4303-427E-B3C2-6E803FAEDF61}.Debug|Any CPU.Build.0 = Debug|Any CPU
		{377D633A-4303-427E-B3C2-6E803FAEDF61}.Release|Any CPU.ActiveCfg = Release|Any CPU
		{377D633A-4303-427E-B3C2-6E803FAEDF61}.Release|Any CPU.Build.0 = Release|Any CPU
		{2ABC1940-F156-434F-A726-D7C4E40383F3}.Debug|Any CPU.ActiveCfg = Debug|Any CPU
		{2ABC1940-F156-434F-A726-D7C4E40383F3}.Debug|Any CPU.Build.0 = Debug|Any CPU
		{2ABC1940-F156-434F-A726-D7C4E40383F3}.Release|Any CPU.ActiveCfg = Release|Any CPU
		{2ABC1940-F156-434F-A726-D7C4E40383F3}.Release|Any CPU.Build.0 = Release|Any CPU
		{6B796801-4247-4345-8E7F-DBA096F3BF5C}.Debug|Any CPU.ActiveCfg = Debug|Any CPU
		{6B796801-4247-4345-8E7F-DBA096F3BF5C}.Debug|Any CPU.Build.0 = Debug|Any CPU
		{6B796801-4247-4345-8E7F-DBA096F3BF5C}.Release|Any CPU.ActiveCfg = Release|Any CPU
		{6B796801-4247-4345-8E7F-DBA096F3BF5C}.Release|Any CPU.Build.0 = Release|Any CPU
		{A1BF0954-296A-48B1-9191-31C61FAF5453}.Debug|Any CPU.ActiveCfg = Debug|Any CPU
		{A1BF0954-296A-48B1-9191-31C61FAF5453}.Debug|Any CPU.Build.0 = Debug|Any CPU
		{A1BF0954-296A-48B1-9191-31C61FAF5453}.Release|Any CPU.ActiveCfg = Release|Any CPU
		{A1BF0954-296A-48B1-9191-31C61FAF5453}.Release|Any CPU.Build.0 = Release|Any CPU
		{E0E0A21C-DD1D-4E77-AEF0-BF3739E2D8EF}.Debug|Any CPU.ActiveCfg = Debug|Any CPU
		{E0E0A21C-DD1D-4E77-AEF0-BF3739E2D8EF}.Debug|Any CPU.Build.0 = Debug|Any CPU
		{E0E0A21C-DD1D-4E77-AEF0-BF3739E2D8EF}.Release|Any CPU.ActiveCfg = Release|Any CPU
		{E0E0A21C-DD1D-4E77-AEF0-BF3739E2D8EF}.Release|Any CPU.Build.0 = Release|Any CPU
		{0B679857-3550-42A1-BD23-E4D1CC5C0E94}.Debug|Any CPU.ActiveCfg = Debug|Any CPU
		{0B679857-3550-42A1-BD23-E4D1CC5C0E94}.Debug|Any CPU.Build.0 = Debug|Any CPU
		{0B679857-3550-42A1-BD23-E4D1CC5C0E94}.Release|Any CPU.ActiveCfg = Release|Any CPU
		{0B679857-3550-42A1-BD23-E4D1CC5C0E94}.Release|Any CPU.Build.0 = Release|Any CPU
		{5731EFD6-2EC6-4DC1-BCE7-5F0D0C5EB145}.Debug|Any CPU.ActiveCfg = Debug|Any CPU
		{5731EFD6-2EC6-4DC1-BCE7-5F0D0C5EB145}.Debug|Any CPU.Build.0 = Debug|Any CPU
		{5731EFD6-2EC6-4DC1-BCE7-5F0D0C5EB145}.Release|Any CPU.ActiveCfg = Release|Any CPU
		{5731EFD6-2EC6-4DC1-BCE7-5F0D0C5EB145}.Release|Any CPU.Build.0 = Release|Any CPU
		{119751CE-5AE8-4A98-9D80-874420D88F7D}.Debug|Any CPU.ActiveCfg = Debug|Any CPU
		{119751CE-5AE8-4A98-9D80-874420D88F7D}.Debug|Any CPU.Build.0 = Debug|Any CPU
		{119751CE-5AE8-4A98-9D80-874420D88F7D}.Release|Any CPU.ActiveCfg = Release|Any CPU
		{119751CE-5AE8-4A98-9D80-874420D88F7D}.Release|Any CPU.Build.0 = Release|Any CPU
		{8C91455A-BB27-435D-B5A8-725E2671C967}.Debug|Any CPU.ActiveCfg = Debug|Any CPU
		{8C91455A-BB27-435D-B5A8-725E2671C967}.Debug|Any CPU.Build.0 = Debug|Any CPU
		{8C91455A-BB27-435D-B5A8-725E2671C967}.Release|Any CPU.ActiveCfg = Release|Any CPU
		{8C91455A-BB27-435D-B5A8-725E2671C967}.Release|Any CPU.Build.0 = Release|Any CPU
	EndGlobalSection
	GlobalSection(SolutionProperties) = preSolution
		HideSolutionNode = FALSE
	EndGlobalSection
	GlobalSection(NestedProjects) = preSolution
		{D0A7F775-2B87-4C30-8308-3A1ED2109086} = {02EA681E-C7D8-13C7-8484-4AC65E1B71E8}
		{80D3066C-8978-4BDB-842F-FF445E0DF471} = {750A20C8-CDB1-4AB3-B02C-6E0BC1A14D56}
		{BED45025-538B-42F7-BD77-7AC631428025} = {2E5D506B-FEC6-459E-A528-C397D28BD8AA}
		{1D0CF49C-954B-4808-8DD1-1F9480CD6D4C} = {2E5D506B-FEC6-459E-A528-C397D28BD8AA}
		{66DB745E-B985-47F3-A44D-149BD2867D1B} = {2E5D506B-FEC6-459E-A528-C397D28BD8AA}
		{97E528FB-061C-4B5B-85C1-67472ACBFC23} = {2E5D506B-FEC6-459E-A528-C397D28BD8AA}
		{4C6E042E-770B-4D48-851D-5C7B34A3D963} = {2E5D506B-FEC6-459E-A528-C397D28BD8AA}
		{442E5335-3D3B-498C-A134-A966D502E492} = {2E5D506B-FEC6-459E-A528-C397D28BD8AA}
		{33AAD48D-C5D3-4AF3-B55E-F421C9C53E5E} = {2E5D506B-FEC6-459E-A528-C397D28BD8AA}
		{E350BEB8-5160-4AA5-BC30-7B597BF39822} = {2E5D506B-FEC6-459E-A528-C397D28BD8AA}
		{9C6A6339-0F25-47FB-957C-F03DEDE2BBC8} = {9378D33E-71B0-417A-B429-E20321ED13CA}
		{873BE4F8-3651-4B61-BD87-55028658ECB1} = {9378D33E-71B0-417A-B429-E20321ED13CA}
		{3D9D693A-DB6D-4972-BE62-B89170C425F9} = {9378D33E-71B0-417A-B429-E20321ED13CA}
		{F19F57EE-214E-4329-BBC5-89580C0C7C19} = {9378D33E-71B0-417A-B429-E20321ED13CA}
		{2306E6BE-4E1F-4C04-8109-8830F472B77F} = {9378D33E-71B0-417A-B429-E20321ED13CA}
		{D0D91372-7C2D-479C-BC6B-F3C2D03E5A68} = {9378D33E-71B0-417A-B429-E20321ED13CA}
		{3478FB6B-AA64-44E2-B52D-7C71D9D02AD4} = {9378D33E-71B0-417A-B429-E20321ED13CA}
		{0A0894F2-5132-461E-B18B-CD0046E27521} = {0CBAA432-0DEC-46A4-B369-591B7441D353}
		{E56EF1AB-1499-4555-AA94-47AADF1687C7} = {0CBAA432-0DEC-46A4-B369-591B7441D353}
		{79983961-201A-4CAB-837E-D589A73F3D2D} = {0CBAA432-0DEC-46A4-B369-591B7441D353}
		{AB70E0F1-CDD5-4E8A-B68D-1927612E9379} = {0CBAA432-0DEC-46A4-B369-591B7441D353}
		{A108C7ED-5A6C-4A07-9E1C-D121387E7459} = {0CBAA432-0DEC-46A4-B369-591B7441D353}
		{148AB1CF-7D1F-4616-995B-201A1CC76F25} = {0CBAA432-0DEC-46A4-B369-591B7441D353}
		{6525C71C-3556-4DBB-A984-1639DE549CDA} = {6B503482-FCFE-41B6-96ED-23E88A31C480}
		{D25DA25A-1221-4642-9CC6-9CA6175EB84A} = {6B503482-FCFE-41B6-96ED-23E88A31C480}
		{47BFB267-3495-485E-9FAA-FC3638313A93} = {6B503482-FCFE-41B6-96ED-23E88A31C480}
		{F4DF2E9D-8E13-4EAC-9F2F-0227D7C74307} = {6B503482-FCFE-41B6-96ED-23E88A31C480}
		{20612DCB-050D-4A64-865B-1E865D87F530} = {6B503482-FCFE-41B6-96ED-23E88A31C480}
		{BA7DB283-1F2D-4D2A-A2BE-A33EB2ED7E9B} = {6B503482-FCFE-41B6-96ED-23E88A31C480}
		{679B8A5F-DA6D-4E9E-B32B-7687AD03A98E} = {6B503482-FCFE-41B6-96ED-23E88A31C480}
		{640B7E9E-D4E7-4140-BECF-E61572329089} = {755E355D-F3CC-4FEB-A867-59D31E9E7400}
		{FE91C6AB-EAF5-419F-AB61-EB93372A9D8E} = {755E355D-F3CC-4FEB-A867-59D31E9E7400}
		{8BEA3C14-25E1-427C-9145-ECF811B29672} = {1EE049AB-95B1-42EB-8784-75DC909A3FB5}
		{DE7ED17A-6BE1-438E-A858-BE07DDBB32DD} = {1EE049AB-95B1-42EB-8784-75DC909A3FB5}
		{DC2B1E24-F2A9-4872-929A-666B65B3E75B} = {1EE049AB-95B1-42EB-8784-75DC909A3FB5}
		{573BB898-EA3A-4FDD-9311-239C2F912384} = {1EE049AB-95B1-42EB-8784-75DC909A3FB5}
		{4056BD84-A5BD-4AE3-9CAC-067A21D627A6} = {1EE049AB-95B1-42EB-8784-75DC909A3FB5}
		{5289AA29-E0BC-49C3-AB8B-BE47F88587F6} = {1EE049AB-95B1-42EB-8784-75DC909A3FB5}
		{A78D0644-B7B9-427C-87BE-CE41C88FC93A} = {1278CDDF-EA1C-46C4-89F1-734455182AFE}
		{50CDA50E-03B6-488A-B7CA-4ADF4E1AB598} = {1278CDDF-EA1C-46C4-89F1-734455182AFE}
		{44FD666A-B4E5-4EB9-9C57-6A8420FFDE60} = {DD633C6B-FCB4-4903-83B7-EA33AA56A282}
		{D8420FC5-6FA8-402B-8904-EF78AE0CDCE0} = {50DD0AE3-D3AD-4A6C-8FA9-D9FD716EDA13}
		{DF36E8D9-6C69-4278-955E-78CC817C0C36} = {64685CFB-7D7C-4E3A-8075-E2514B76BA42}
		{727891DA-C069-4CE1-A9C3-06D22B51B5F6} = {64685CFB-7D7C-4E3A-8075-E2514B76BA42}
		{D4A760F1-E125-4B5F-B718-6DDACA4334CF} = {97ACBE1F-6972-406C-8875-88BB3E2ED7DE}
		{DCFB27E8-E6BB-4896-809B-90E4C35C3E53} = {12A5A7A1-1304-4A6C-89F7-761A3B3E5371}
		{98B90D6F-EF97-4378-A9E3-B34BB79A06DB} = {CBBEA955-F7DD-425C-B96C-D6C85FCCC52F}
		{AB564C8C-88EC-4547-ABFD-2AD01B941762} = {4DACCCB8-7643-48EC-BD8A-43914A2C8179}
		{B23F1F88-271F-49BF-AE03-DB5B15FB1A98} = {3AB155CF-19C8-46E0-A9CD-609E5BA3774F}
		{377D633A-4303-427E-B3C2-6E803FAEDF61} = {2C5B409D-4787-4C2C-9C05-98E89293C51F}
		{2ABC1940-F156-434F-A726-D7C4E40383F3} = {2C5B409D-4787-4C2C-9C05-98E89293C51F}
		{6B796801-4247-4345-8E7F-DBA096F3BF5C} = {2C5B409D-4787-4C2C-9C05-98E89293C51F}
		{EA8167D2-7182-4743-B484-535031A2BEE0} = {2C5B409D-4787-4C2C-9C05-98E89293C51F}
		{A1BF0954-296A-48B1-9191-31C61FAF5453} = {EA8167D2-7182-4743-B484-535031A2BEE0}
		{E0E0A21C-DD1D-4E77-AEF0-BF3739E2D8EF} = {EA8167D2-7182-4743-B484-535031A2BEE0}
		{CAA0B8EC-B98F-4E7C-B2B7-7705836956E1} = {2C5B409D-4787-4C2C-9C05-98E89293C51F}
		{0B679857-3550-42A1-BD23-E4D1CC5C0E94} = {2C5B409D-4787-4C2C-9C05-98E89293C51F}
		{5731EFD6-2EC6-4DC1-BCE7-5F0D0C5EB145} = {2C5B409D-4787-4C2C-9C05-98E89293C51F}
		{119751CE-5AE8-4A98-9D80-874420D88F7D} = {D6569667-0B90-4519-B819-460D00B6014F}
		{8C91455A-BB27-435D-B5A8-725E2671C967} = {D742B351-93FC-4837-A748-A2133B641B25}
	EndGlobalSection
	GlobalSection(ExtensibilityGlobals) = postSolution
		SolutionGuid = {350321BB-49A8-4EF0-BF02-CFB67D37E0A3}
	EndGlobalSection
EndGlobal
